lockfileVersion: '6.0'

settings:
  autoInstallPeers: true
  excludeLinksFromLockfile: false

dependencies:
  '@b9g/crank':
    specifier: 0.5.4
    version: 0.5.4
  '@fontsource/yantramanav':
    specifier: 5.0.15
    version: 5.0.15
  colorjs.io:
    specifier: 0.4.5
    version: 0.4.5
  nanoid:
    specifier: 5.0.2
    version: 5.0.2

devDependencies:
  esbuild:
    specifier: ^0.19.4
    version: 0.19.5
  flow-bin:
    specifier: ^0.220.1
    version: 0.220.1
  sirv-cli:
    specifier: ^2.0.2
    version: 2.0.2

packages:

  /@b9g/crank@0.5.4:
    resolution: {integrity: sha512-k1rRYKNl6nG0Wxt7ua0J2laXwjZZ7abTNIVJeNTVGLirQ397duTE75G7N0EU4hbRebUg+4tfG2sZAJQ+FvMi1Q==}
    dev: false

  /@esbuild/android-arm64@0.19.5:
    resolution: {integrity: sha512-5d1OkoJxnYQfmC+Zd8NBFjkhyCNYwM4n9ODrycTFY6Jk1IGiZ+tjVJDDSwDt77nK+tfpGP4T50iMtVi4dEGzhQ==}
    engines: {node: '>=12'}
    cpu: [arm64]
    os: [android]
    requiresBuild: true
    dev: true
    optional: true

  /@esbuild/android-arm@0.19.5:
    resolution: {integrity: sha512-bhvbzWFF3CwMs5tbjf3ObfGqbl/17ict2/uwOSfr3wmxDE6VdS2GqY/FuzIPe0q0bdhj65zQsvqfArI9MY6+AA==}
    engines: {node: '>=12'}
    cpu: [arm]
    os: [android]
    requiresBuild: true
    dev: true
    optional: true

  /@esbuild/android-x64@0.19.5:
    resolution: {integrity: sha512-9t+28jHGL7uBdkBjL90QFxe7DVA+KGqWlHCF8ChTKyaKO//VLuoBricQCgwhOjA1/qOczsw843Fy4cbs4H3DVA==}
    engines: {node: '>=12'}
    cpu: [x64]
    os: [android]
    requiresBuild: true
    dev: true
    optional: true

  /@esbuild/darwin-arm64@0.19.5:
    resolution: {integrity: sha512-mvXGcKqqIqyKoxq26qEDPHJuBYUA5KizJncKOAf9eJQez+L9O+KfvNFu6nl7SCZ/gFb2QPaRqqmG0doSWlgkqw==}
    engines: {node: '>=12'}
    cpu: [arm64]
    os: [darwin]
    requiresBuild: true
    dev: true
    optional: true

  /@esbuild/darwin-x64@0.19.5:
    resolution: {integrity: sha512-Ly8cn6fGLNet19s0X4unjcniX24I0RqjPv+kurpXabZYSXGM4Pwpmf85WHJN3lAgB8GSth7s5A0r856S+4DyiA==}
    engines: {node: '>=12'}
    cpu: [x64]
    os: [darwin]
    requiresBuild: true
    dev: true
    optional: true

  /@esbuild/freebsd-arm64@0.19.5:
    resolution: {integrity: sha512-GGDNnPWTmWE+DMchq1W8Sd0mUkL+APvJg3b11klSGUDvRXh70JqLAO56tubmq1s2cgpVCSKYywEiKBfju8JztQ==}
    engines: {node: '>=12'}
    cpu: [arm64]
    os: [freebsd]
    requiresBuild: true
    dev: true
    optional: true

  /@esbuild/freebsd-x64@0.19.5:
    resolution: {integrity: sha512-1CCwDHnSSoA0HNwdfoNY0jLfJpd7ygaLAp5EHFos3VWJCRX9DMwWODf96s9TSse39Br7oOTLryRVmBoFwXbuuQ==}
    engines: {node: '>=12'}
    cpu: [x64]
    os: [freebsd]
    requiresBuild: true
    dev: true
    optional: true

  /@esbuild/linux-arm64@0.19.5:
    resolution: {integrity: sha512-o3vYippBmSrjjQUCEEiTZ2l+4yC0pVJD/Dl57WfPwwlvFkrxoSO7rmBZFii6kQB3Wrn/6GwJUPLU5t52eq2meA==}
    engines: {node: '>=12'}
    cpu: [arm64]
    os: [linux]
    requiresBuild: true
    dev: true
    optional: true

  /@esbuild/linux-arm@0.19.5:
    resolution: {integrity: sha512-lrWXLY/vJBzCPC51QN0HM71uWgIEpGSjSZZADQhq7DKhPcI6NH1IdzjfHkDQws2oNpJKpR13kv7/pFHBbDQDwQ==}
    engines: {node: '>=12'}
    cpu: [arm]
    os: [linux]
    requiresBuild: true
    dev: true
    optional: true

  /@esbuild/linux-ia32@0.19.5:
    resolution: {integrity: sha512-MkjHXS03AXAkNp1KKkhSKPOCYztRtK+KXDNkBa6P78F8Bw0ynknCSClO/ztGszILZtyO/lVKpa7MolbBZ6oJtQ==}
    engines: {node: '>=12'}
    cpu: [ia32]
    os: [linux]
    requiresBuild: true
    dev: true
    optional: true

  /@esbuild/linux-loong64@0.19.5:
    resolution: {integrity: sha512-42GwZMm5oYOD/JHqHska3Jg0r+XFb/fdZRX+WjADm3nLWLcIsN27YKtqxzQmGNJgu0AyXg4HtcSK9HuOk3v1Dw==}
    engines: {node: '>=12'}
    cpu: [loong64]
    os: [linux]
    requiresBuild: true
    dev: true
    optional: true

  /@esbuild/linux-mips64el@0.19.5:
    resolution: {integrity: sha512-kcjndCSMitUuPJobWCnwQ9lLjiLZUR3QLQmlgaBfMX23UEa7ZOrtufnRds+6WZtIS9HdTXqND4yH8NLoVVIkcg==}
    engines: {node: '>=12'}
    cpu: [mips64el]
    os: [linux]
    requiresBuild: true
    dev: true
    optional: true

  /@esbuild/linux-ppc64@0.19.5:
    resolution: {integrity: sha512-yJAxJfHVm0ZbsiljbtFFP1BQKLc8kUF6+17tjQ78QjqjAQDnhULWiTA6u0FCDmYT1oOKS9PzZ2z0aBI+Mcyj7Q==}
    engines: {node: '>=12'}
    cpu: [ppc64]
    os: [linux]
    requiresBuild: true
    dev: true
    optional: true

  /@esbuild/linux-riscv64@0.19.5:
    resolution: {integrity: sha512-5u8cIR/t3gaD6ad3wNt1MNRstAZO+aNyBxu2We8X31bA8XUNyamTVQwLDA1SLoPCUehNCymhBhK3Qim1433Zag==}
    engines: {node: '>=12'}
    cpu: [riscv64]
    os: [linux]
    requiresBuild: true
    dev: true
    optional: true

  /@esbuild/linux-s390x@0.19.5:
    resolution: {integrity: sha512-Z6JrMyEw/EmZBD/OFEFpb+gao9xJ59ATsoTNlj39jVBbXqoZm4Xntu6wVmGPB/OATi1uk/DB+yeDPv2E8PqZGw==}
    engines: {node: '>=12'}
    cpu: [s390x]
    os: [linux]
    requiresBuild: true
    dev: true
    optional: true

  /@esbuild/linux-x64@0.19.5:
    resolution: {integrity: sha512-psagl+2RlK1z8zWZOmVdImisMtrUxvwereIdyJTmtmHahJTKb64pAcqoPlx6CewPdvGvUKe2Jw+0Z/0qhSbG1A==}
    engines: {node: '>=12'}
    cpu: [x64]
    os: [linux]
    requiresBuild: true
    dev: true
    optional: true

  /@esbuild/netbsd-x64@0.19.5:
    resolution: {integrity: sha512-kL2l+xScnAy/E/3119OggX8SrWyBEcqAh8aOY1gr4gPvw76la2GlD4Ymf832UCVbmuWeTf2adkZDK+h0Z/fB4g==}
    engines: {node: '>=12'}
    cpu: [x64]
    os: [netbsd]
    requiresBuild: true
    dev: true
    optional: true

  /@esbuild/openbsd-x64@0.19.5:
    resolution: {integrity: sha512-sPOfhtzFufQfTBgRnE1DIJjzsXukKSvZxloZbkJDG383q0awVAq600pc1nfqBcl0ice/WN9p4qLc39WhBShRTA==}
    engines: {node: '>=12'}
    cpu: [x64]
    os: [openbsd]
    requiresBuild: true
    dev: true
    optional: true

  /@esbuild/sunos-x64@0.19.5:
    resolution: {integrity: sha512-dGZkBXaafuKLpDSjKcB0ax0FL36YXCvJNnztjKV+6CO82tTYVDSH2lifitJ29jxRMoUhgkg9a+VA/B03WK5lcg==}
    engines: {node: '>=12'}
    cpu: [x64]
    os: [sunos]
    requiresBuild: true
    dev: true
    optional: true

  /@esbuild/win32-arm64@0.19.5:
    resolution: {integrity: sha512-dWVjD9y03ilhdRQ6Xig1NWNgfLtf2o/STKTS+eZuF90fI2BhbwD6WlaiCGKptlqXlURVB5AUOxUj09LuwKGDTg==}
    engines: {node: '>=12'}
    cpu: [arm64]
    os: [win32]
    requiresBuild: true
    dev: true
    optional: true

  /@esbuild/win32-ia32@0.19.5:
    resolution: {integrity: sha512-4liggWIA4oDgUxqpZwrDhmEfAH4d0iljanDOK7AnVU89T6CzHon/ony8C5LeOdfgx60x5cnQJFZwEydVlYx4iw==}
    engines: {node: '>=12'}
    cpu: [ia32]
    os: [win32]
    requiresBuild: true
    dev: true
    optional: true

  /@esbuild/win32-x64@0.19.5:
    resolution: {integrity: sha512-czTrygUsB/jlM8qEW5MD8bgYU2Xg14lo6kBDXW6HdxKjh8M5PzETGiSHaz9MtbXBYDloHNUAUW2tMiKW4KM9Mw==}
    engines: {node: '>=12'}
    cpu: [x64]
    os: [win32]
    requiresBuild: true
    dev: true
    optional: true

  /@fontsource/yantramanav@5.0.15:
    resolution: {integrity: sha512-b+M8pJaPO6/H69RSJNQLhdP5lC58Yb3sMPEY4j6d96XPJ9cRY2+LRj62Q1cFiefHE7MpU3MZVPg5BaFzaDahXA==}
    dev: false

  /@polka/url@1.0.0-next.23:
    resolution: {integrity: sha512-C16M+IYz0rgRhWZdCmK+h58JMv8vijAA61gmz2rspCSwKwzBebpdcsiUmwrtJRdphuY30i6BSLEOP8ppbNLyLg==}
    dev: true

  /colorjs.io@0.4.5:
    resolution: {integrity: sha512-yCtUNCmge7llyfd/Wou19PMAcf5yC3XXhgFoAh6zsO2pGswhUPBaaUh8jzgHnXtXuZyFKzXZNAnyF5i+apICow==}
    dev: false

  /console-clear@1.1.1:
    resolution: {integrity: sha512-pMD+MVR538ipqkG5JXeOEbKWS5um1H4LUUccUQG68qpeqBYbzYy79Gh55jkd2TtPdRfUaLWdv6LPP//5Zt0aPQ==}
    engines: {node: '>=4'}
    dev: true

  /esbuild@0.19.5:
    resolution: {integrity: sha512-bUxalY7b1g8vNhQKdB24QDmHeY4V4tw/s6Ak5z+jJX9laP5MoQseTOMemAr0gxssjNcH0MCViG8ONI2kksvfFQ==}
    engines: {node: '>=12'}
    hasBin: true
    requiresBuild: true
    optionalDependencies:
      '@esbuild/android-arm': 0.19.5
      '@esbuild/android-arm64': 0.19.5
      '@esbuild/android-x64': 0.19.5
      '@esbuild/darwin-arm64': 0.19.5
      '@esbuild/darwin-x64': 0.19.5
      '@esbuild/freebsd-arm64': 0.19.5
      '@esbuild/freebsd-x64': 0.19.5
      '@esbuild/linux-arm': 0.19.5
      '@esbuild/linux-arm64': 0.19.5
      '@esbuild/linux-ia32': 0.19.5
      '@esbuild/linux-loong64': 0.19.5
      '@esbuild/linux-mips64el': 0.19.5
      '@esbuild/linux-ppc64': 0.19.5
      '@esbuild/linux-riscv64': 0.19.5
      '@esbuild/linux-s390x': 0.19.5
      '@esbuild/linux-x64': 0.19.5
      '@esbuild/netbsd-x64': 0.19.5
      '@esbuild/openbsd-x64': 0.19.5
      '@esbuild/sunos-x64': 0.19.5
      '@esbuild/win32-arm64': 0.19.5
      '@esbuild/win32-ia32': 0.19.5
      '@esbuild/win32-x64': 0.19.5
    dev: true

  /flow-bin@0.220.1:
    resolution: {integrity: sha512-p25Ga+f3yWG0/Nlua6jGary2ptR4vHWt6cWh6MXGLR41NFlOwtrZtDtEjLpSWgOLUphTN4tEQjqoaruU72JObg==}
    engines: {node: '>=0.10.0'}
    hasBin: true
    dev: true

  /get-port@3.2.0:
    resolution: {integrity: sha512-x5UJKlgeUiNT8nyo/AcnwLnZuZNcSjSw0kogRB+Whd1fjjFq4B1hySFxSFWWSn4mIBzg3sRNUDFYc4g5gjPoLg==}
    engines: {node: '>=4'}
    dev: true

  /kleur@4.1.5:
    resolution: {integrity: sha512-o+NO+8WrRiQEE4/7nwRJhN1HWpVmJm511pBHUxPLtp0BUISzlBplORYSmTclCnJvQq2tKu/sgl3xVpkc7ZWuQQ==}
    engines: {node: '>=6'}
    dev: true

  /local-access@1.1.0:
    resolution: {integrity: sha512-XfegD5pyTAfb+GY6chk283Ox5z8WexG56OvM06RWLpAc/UHozO8X6xAxEkIitZOtsSMM1Yr3DkHgW5W+onLhCw==}
    engines: {node: '>=6'}
    dev: true

  /mri@1.2.0:
    resolution: {integrity: sha512-tzzskb3bG8LvYGFF/mDTpq3jpI6Q9wc3LEmBaghu+DdCssd1FakN7Bc0hVNmEyGq1bq3RgfkCb3cmQLpNPOroA==}
    engines: {node: '>=4'}
    dev: true

  /mrmime@1.0.1:
    resolution: {integrity: sha512-hzzEagAgDyoU1Q6yg5uI+AorQgdvMCur3FcKf7NhMKWsaYg+RnbTyHRa/9IlLF9rf455MOCtcqqrQQ83pPP7Uw==}
    engines: {node: '>=10'}
    dev: true

  /nanoid@5.0.2:
    resolution: {integrity: sha512-2ustYUX1R2rL/Br5B/FMhi8d5/QzvkJ912rBYxskcpu0myTHzSZfTr1LAS2Sm7jxRUObRrSBFoyzwAhL49aVSg==}
    engines: {node: ^18 || >=20}
    hasBin: true
    dev: false

  /sade@1.8.1:
    resolution: {integrity: sha512-xal3CZX1Xlo/k4ApwCFrHVACi9fBqJ7V+mwhBsuf/1IOKbBy098Fex+Wa/5QMubw09pSZ/u8EY8PWgevJsXp1A==}
    engines: {node: '>=6'}
    dependencies:
      mri: 1.2.0
    dev: true

  /semiver@1.1.0:
    resolution: {integrity: sha512-QNI2ChmuioGC1/xjyYwyZYADILWyW6AmS1UH6gDj/SFUUUS4MBAWs/7mxnkRPc/F4iHezDP+O8t0dO8WHiEOdg==}
    engines: {node: '>=6'}
    dev: true

  /sirv-cli@2.0.2:
    resolution: {integrity: sha512-OtSJDwxsF1NWHc7ps3Sa0s+dPtP15iQNJzfKVz+MxkEo3z72mCD+yu30ct79rPr0CaV1HXSOBp+MIY5uIhHZ1A==}
    engines: {node: '>= 10'}
    hasBin: true
    dependencies:
      console-clear: 1.1.1
      get-port: 3.2.0
      kleur: 4.1.5
      local-access: 1.1.0
      sade: 1.8.1
      semiver: 1.1.0
      sirv: 2.0.3
      tinydate: 1.3.0
    dev: true

  /sirv@2.0.3:
    resolution: {integrity: sha512-O9jm9BsID1P+0HOi81VpXPoDxYP374pkOLzACAoyUQ/3OUVndNpsz6wMnY2z+yOxzbllCKZrM+9QrWsv4THnyA==}
    engines: {node: '>= 10'}
    dependencies:
      '@polka/url': 1.0.0-next.23
      mrmime: 1.0.1
      totalist: 3.0.1
    dev: true

  /tinydate@1.3.0:
    resolution: {integrity: sha512-7cR8rLy2QhYHpsBDBVYnnWXm8uRTr38RoZakFSW7Bs7PzfMPNZthuMLkwqZv7MTu8lhQ91cOFYS5a7iFj2oR3w==}
    engines: {node: '>=4'}
    dev: true

  /totalist@3.0.1:
    resolution: {integrity: sha512-sf4i37nQ2LBx4m3wB74y+ubopq6W/dIzXg0FDGjsYnZHVa1Da8FH853wlL2gtUhg+xJXjfk3kUZS3BRoQeoQBQ==}
    engines: {node: '>=6'}
    dev: true
